
Microsoft Visual Studio Solution File, Format Version 11.00
# Visual Studio 2010
Project("{8BC9CEB8-8B4A-11D0-8D11-00A0C91BC942}") = "Introduction to Algorithms", "Introduction to Algorithms\Introduction to Algorithms.vcxproj", "{F920FD6F-7169-497C-8591-AE1BAC05DADD}"
EndProject
Project("{8BC9CEB8-8B4A-11D0-8D11-00A0C91BC942}") = "InsertionSort", "..\InsertionSort\InsertionSort\InsertionSort.vcxproj", "{B31E9F51-8243-4C37-A527-A98BC403EDC8}"
EndProject
Global
	GlobalSection(SolutionConfigurationPlatforms) = preSolution
		Debug|Win32 = Debug|Win32
		Release|Win32 = Release|Win32
	EndGlobalSection
	GlobalSection(ProjectConfigurationPlatforms) = postSolution
		{F920FD6F-7169-497C-8591-AE1BAC05DADD}.Debug|Win32.ActiveCfg = Debug|Win32
		{F920FD6F-7169-497C-8591-AE1BAC05DADD}.Debug|Win32.Build.0 = Debug|Win32
		{F920FD6F-7169-497C-8591-AE1BAC05DADD}.Release|Win32.ActiveCfg = Release|Win32
		{F920FD6F-7169-497C-8591-AE1BAC05DADD}.Release|Win32.Build.0 = Release|Win32
		{B31E9F51-8243-4C37-A527-A98BC403EDC8}.Debug|Win32.ActiveCfg = Debug|Win32
		{B31E9F51-8243-4C37-A527-A98BC403EDC8}.Debug|Win32.Build.0 = Debug|Win32
		{B31E9F51-8243-4C37-A527-A98BC403EDC8}.Release|Win32.ActiveCfg = Release|Win32
		{B31E9F51-8243-4C37-A527-A98BC403EDC8}.Release|Win32.Build.0 = Release|Win32
	EndGlobalSection
	GlobalSection(SolutionProperties) = preSolution
		HideSolutionNode = FALSE
	EndGlobalSection
EndGlobal
